// !$*UTF8*$!
{
	archiveVersion = 1;
	classes = {
	};
	objectVersion = 50;
	objects = {

/* Begin PBXBuildFile section */
		A50F74A42389D67B0061D9FD /* AsyncQueue.cpp in Sources */ = {isa = PBXBuildFile; fileRef = A50F74A22389D67B0061D9FD /* AsyncQueue.cpp */; };
		A50F74A52389D67B0061D9FD /* AsyncQueue.cpp in Sources */ = {isa = PBXBuildFile; fileRef = A50F74A22389D67B0061D9FD /* AsyncQueue.cpp */; };
		A50F74A62389D67B0061D9FD /* AsyncQueue.hpp in Headers */ = {isa = PBXBuildFile; fileRef = A50F74A32389D67B0061D9FD /* AsyncQueue.hpp */; };
		A50F74A92389D93C0061D9FD /* AsyncList.cpp in Sources */ = {isa = PBXBuildFile; fileRef = A50F74A72389D93C0061D9FD /* AsyncList.cpp */; };
		A50F74AA2389D93C0061D9FD /* AsyncList.cpp in Sources */ = {isa = PBXBuildFile; fileRef = A50F74A72389D93C0061D9FD /* AsyncList.cpp */; };
		A50F74AB2389D93C0061D9FD /* AsyncList.hpp in Headers */ = {isa = PBXBuildFile; fileRef = A50F74A82389D93C0061D9FD /* AsyncList.hpp */; };
		A53E4E7F2304D1C8000BB7D8 /* Common.hpp in Headers */ = {isa = PBXBuildFile; fileRef = A53E4E532304892D000BB7D8 /* Common.hpp */; };
		A53E4E802304D1C8000BB7D8 /* DispatchQueue.hpp in Headers */ = {isa = PBXBuildFile; fileRef = A53E4E4F2304892D000BB7D8 /* DispatchQueue.hpp */; };
		A53E4E812304D1C8000BB7D8 /* DispatchQueue.cpp in Sources */ = {isa = PBXBuildFile; fileRef = A53E4E512304892D000BB7D8 /* DispatchQueue.cpp */; };
		A53E4E822304D1C8000BB7D8 /* DispatchTimeoutResult.hpp in Headers */ = {isa = PBXBuildFile; fileRef = A53E4E4E2304892D000BB7D8 /* DispatchTimeoutResult.hpp */; };
		A53E4E832304D1C8000BB7D8 /* DispatchWorkItem.hpp in Headers */ = {isa = PBXBuildFile; fileRef = A53E4E502304892D000BB7D8 /* DispatchWorkItem.hpp */; };
		A53E4E842304D1C8000BB7D8 /* DispatchWorkItem.cpp in Sources */ = {isa = PBXBuildFile; fileRef = A53E4E522304892D000BB7D8 /* DispatchWorkItem.cpp */; };
		A53E4E852304D1C8000BB7D8 /* PromiseErrorPtr.hpp in Headers */ = {isa = PBXBuildFile; fileRef = A53E4E4B2304892D000BB7D8 /* PromiseErrorPtr.hpp */; };
		A53E4E862304D1C8000BB7D8 /* Promise.hpp in Headers */ = {isa = PBXBuildFile; fileRef = A53E4E4C2304892D000BB7D8 /* Promise.hpp */; };
		A53E4E872304D1C8000BB7D8 /* Promise.cpp in Sources */ = {isa = PBXBuildFile; fileRef = A53E4E542304892D000BB7D8 /* Promise.cpp */; };
		A53E4E952304D261000BB7D8 /* DispatchQueue.cpp in Sources */ = {isa = PBXBuildFile; fileRef = A53E4E512304892D000BB7D8 /* DispatchQueue.cpp */; };
		A53E4E962304D261000BB7D8 /* DispatchWorkItem.cpp in Sources */ = {isa = PBXBuildFile; fileRef = A53E4E522304892D000BB7D8 /* DispatchWorkItem.cpp */; };
		A53E4E972304D261000BB7D8 /* Promise.cpp in Sources */ = {isa = PBXBuildFile; fileRef = A53E4E542304892D000BB7D8 /* Promise.cpp */; };
		A53E4EA62304D2E1000BB7D8 /* main.cpp in Sources */ = {isa = PBXBuildFile; fileRef = A53E4EA52304D2E1000BB7D8 /* main.cpp */; };
		A53E4EAB23050152000BB7D8 /* libAsyncCpp-macOS.a in Frameworks */ = {isa = PBXBuildFile; fileRef = A53E4E7B2304D166000BB7D8 /* libAsyncCpp-macOS.a */; };
		A563A57F24A660980036A842 /* AsyncQueue.mm in Sources */ = {isa = PBXBuildFile; fileRef = A563A57E24A660980036A842 /* AsyncQueue.mm */; };
		A563A58024A660980036A842 /* AsyncQueue.mm in Sources */ = {isa = PBXBuildFile; fileRef = A563A57E24A660980036A842 /* AsyncQueue.mm */; };
		A58C17DF26B5B9B200F2FD6D /* Coroutine.hpp in Headers */ = {isa = PBXBuildFile; fileRef = A58C17DE26B5B9B200F2FD6D /* Coroutine.hpp */; };
		A58C17E226B5B9D300F2FD6D /* Coroutine.cpp in Sources */ = {isa = PBXBuildFile; fileRef = A58C17E126B5B9D300F2FD6D /* Coroutine.cpp */; };
		A58C17E326B5B9D300F2FD6D /* Coroutine.cpp in Sources */ = {isa = PBXBuildFile; fileRef = A58C17E126B5B9D300F2FD6D /* Coroutine.cpp */; };
		A598D10624672B8E00C2B1BF /* ContinuousGenerator.cpp in Sources */ = {isa = PBXBuildFile; fileRef = A598D10424672B8E00C2B1BF /* ContinuousGenerator.cpp */; };
		A598D10724672B8E00C2B1BF /* ContinuousGenerator.cpp in Sources */ = {isa = PBXBuildFile; fileRef = A598D10424672B8E00C2B1BF /* ContinuousGenerator.cpp */; };
		A598D10824672B8E00C2B1BF /* ContinuousGenerator.hpp in Headers */ = {isa = PBXBuildFile; fileRef = A598D10524672B8E00C2B1BF /* ContinuousGenerator.hpp */; };
		A5B7A7892335679100301FC0 /* libDataCpp-macOS.a in Frameworks */ = {isa = PBXBuildFile; fileRef = A5B7A7802335676200301FC0 /* libDataCpp-macOS.a */; };
		A5B7A7D1233EE80200301FC0 /* Timer.cpp in Sources */ = {isa = PBXBuildFile; fileRef = A5B7A7CF233EE80200301FC0 /* Timer.cpp */; };
		A5B7A7D2233EE80200301FC0 /* Timer.hpp in Headers */ = {isa = PBXBuildFile; fileRef = A5B7A7D0233EE80200301FC0 /* Timer.hpp */; };
		A5B7A7D4233EE80E00301FC0 /* Timer.cpp in Sources */ = {isa = PBXBuildFile; fileRef = A5B7A7CF233EE80200301FC0 /* Timer.cpp */; };
		A5B9737F23824A8C00FB3F1C /* Generator.cpp in Sources */ = {isa = PBXBuildFile; fileRef = A5B9737D23824A8C00FB3F1C /* Generator.cpp */; };
		A5B9738023824A8C00FB3F1C /* Generator.cpp in Sources */ = {isa = PBXBuildFile; fileRef = A5B9737D23824A8C00FB3F1C /* Generator.cpp */; };
		A5B9738123824A8C00FB3F1C /* Generator.hpp in Headers */ = {isa = PBXBuildFile; fileRef = A5B9737E23824A8C00FB3F1C /* Generator.hpp */; };
		A5DF820C268CD39800148A06 /* AsyncCppTests.cpp in Sources */ = {isa = PBXBuildFile; fileRef = A5DF820B268CD39800148A06 /* AsyncCppTests.cpp */; };
		A5F086A72545FB1900C41A36 /* ObjCCallStack.h in Headers */ = {isa = PBXBuildFile; fileRef = A5F086A52545FB1900C41A36 /* ObjCCallStack.h */; };
		A5F086A82545FB1900C41A36 /* ObjCCallStack.mm in Sources */ = {isa = PBXBuildFile; fileRef = A5F086A62545FB1900C41A36 /* ObjCCallStack.mm */; };
		A5F086A92545FB1900C41A36 /* ObjCCallStack.mm in Sources */ = {isa = PBXBuildFile; fileRef = A5F086A62545FB1900C41A36 /* ObjCCallStack.mm */; };
/* End PBXBuildFile section */

/* Begin PBXContainerItemProxy section */
		A5B7A77F2335676200301FC0 /* PBXContainerItemProxy */ = {
			isa = PBXContainerItemProxy;
			containerPortal = A5B7A7792335676200301FC0 /* DataCpp.xcodeproj */;
			proxyType = 2;
			remoteGlobalIDString = A53E4EB223063BFC000BB7D8;
			remoteInfo = "DataCpp-macOS";
		};
		A5B7A7812335676200301FC0 /* PBXContainerItemProxy */ = {
			isa = PBXContainerItemProxy;
			containerPortal = A5B7A7792335676200301FC0 /* DataCpp.xcodeproj */;
			proxyType = 2;
			remoteGlobalIDString = A53E4EC22306411F000BB7D8;
			remoteInfo = "DataCppTest-macOS";
		};
		A5B7A7832335676200301FC0 /* PBXContainerItemProxy */ = {
			isa = PBXContainerItemProxy;
			containerPortal = A5B7A7792335676200301FC0 /* DataCpp.xcodeproj */;
			proxyType = 2;
			remoteGlobalIDString = A58B32802310B0DF00E80ECB;
			remoteInfo = "DataCpp-iOS";
		};
		A5B7A7852335677B00301FC0 /* PBXContainerItemProxy */ = {
			isa = PBXContainerItemProxy;
			containerPortal = A5B7A7792335676200301FC0 /* DataCpp.xcodeproj */;
			proxyType = 1;
			remoteGlobalIDString = A53E4EB123063BFC000BB7D8;
			remoteInfo = "DataCpp-macOS";
		};
		A5B7A7872335678400301FC0 /* PBXContainerItemProxy */ = {
			isa = PBXContainerItemProxy;
			containerPortal = A5B7A7792335676200301FC0 /* DataCpp.xcodeproj */;
			proxyType = 1;
			remoteGlobalIDString = A58B327F2310B0DF00E80ECB;
			remoteInfo = "DataCpp-iOS";
		};
/* End PBXContainerItemProxy section */

/* Begin PBXCopyFilesBuildPhase section */
		A53E4E8A2304D250000BB7D8 /* CopyFiles */ = {
			isa = PBXCopyFilesBuildPhase;
			buildActionMask = 2147483647;
			dstPath = "include/$(PRODUCT_NAME)";
			dstSubfolderSpec = 16;
			files = (
			);
			runOnlyForDeploymentPostprocessing = 0;
		};
		A53E4EA12304D2E1000BB7D8 /* CopyFiles */ = {
			isa = PBXCopyFilesBuildPhase;
			buildActionMask = 2147483647;
			dstPath = /usr/share/man/man1/;
			dstSubfolderSpec = 0;
			files = (
			);
			runOnlyForDeploymentPostprocessing = 1;
		};
/* End PBXCopyFilesBuildPhase section */

/* Begin PBXFileReference section */
		A50F74A22389D67B0061D9FD /* AsyncQueue.cpp */ = {isa = PBXFileReference; fileEncoding = 4; lastKnownFileType = sourcecode.cpp.cpp; path = AsyncQueue.cpp; sourceTree = "<group>"; };
		A50F74A32389D67B0061D9FD /* AsyncQueue.hpp */ = {isa = PBXFileReference; fileEncoding = 4; lastKnownFileType = sourcecode.cpp.h; path = AsyncQueue.hpp; sourceTree = "<group>"; };
		A50F74A72389D93C0061D9FD /* AsyncList.cpp */ = {isa = PBXFileReference; fileEncoding = 4; lastKnownFileType = sourcecode.cpp.cpp; path = AsyncList.cpp; sourceTree = "<group>"; };
		A50F74A82389D93C0061D9FD /* AsyncList.hpp */ = {isa = PBXFileReference; fileEncoding = 4; lastKnownFileType = sourcecode.cpp.h; path = AsyncList.hpp; sourceTree = "<group>"; };
		A53E4E4B2304892D000BB7D8 /* PromiseErrorPtr.hpp */ = {isa = PBXFileReference; lastKnownFileType = sourcecode.cpp.h; path = PromiseErrorPtr.hpp; sourceTree = "<group>"; };
		A53E4E4C2304892D000BB7D8 /* Promise.hpp */ = {isa = PBXFileReference; lastKnownFileType = sourcecode.cpp.h; path = Promise.hpp; sourceTree = "<group>"; };
		A53E4E4E2304892D000BB7D8 /* DispatchTimeoutResult.hpp */ = {isa = PBXFileReference; lastKnownFileType = sourcecode.cpp.h; path = DispatchTimeoutResult.hpp; sourceTree = "<group>"; };
		A53E4E4F2304892D000BB7D8 /* DispatchQueue.hpp */ = {isa = PBXFileReference; lastKnownFileType = sourcecode.cpp.h; path = DispatchQueue.hpp; sourceTree = "<group>"; };
		A53E4E502304892D000BB7D8 /* DispatchWorkItem.hpp */ = {isa = PBXFileReference; lastKnownFileType = sourcecode.cpp.h; path = DispatchWorkItem.hpp; sourceTree = "<group>"; };
		A53E4E512304892D000BB7D8 /* DispatchQueue.cpp */ = {isa = PBXFileReference; lastKnownFileType = sourcecode.cpp.cpp; path = DispatchQueue.cpp; sourceTree = "<group>"; };
		A53E4E522304892D000BB7D8 /* DispatchWorkItem.cpp */ = {isa = PBXFileReference; lastKnownFileType = sourcecode.cpp.cpp; path = DispatchWorkItem.cpp; sourceTree = "<group>"; };
		A53E4E532304892D000BB7D8 /* Common.hpp */ = {isa = PBXFileReference; lastKnownFileType = sourcecode.cpp.h; path = Common.hpp; sourceTree = "<group>"; };
		A53E4E542304892D000BB7D8 /* Promise.cpp */ = {isa = PBXFileReference; lastKnownFileType = sourcecode.cpp.cpp; path = Promise.cpp; sourceTree = "<group>"; };
		A53E4E7B2304D166000BB7D8 /* libAsyncCpp-macOS.a */ = {isa = PBXFileReference; explicitFileType = archive.ar; includeInIndex = 0; path = "libAsyncCpp-macOS.a"; sourceTree = BUILT_PRODUCTS_DIR; };
		A53E4E8C2304D250000BB7D8 /* libAsyncCpp-iOS.a */ = {isa = PBXFileReference; explicitFileType = archive.ar; includeInIndex = 0; path = "libAsyncCpp-iOS.a"; sourceTree = BUILT_PRODUCTS_DIR; };
		A53E4EA32304D2E1000BB7D8 /* AsyncCppTest-macOS */ = {isa = PBXFileReference; explicitFileType = "compiled.mach-o.executable"; includeInIndex = 0; path = "AsyncCppTest-macOS"; sourceTree = BUILT_PRODUCTS_DIR; };
		A53E4EA52304D2E1000BB7D8 /* main.cpp */ = {isa = PBXFileReference; lastKnownFileType = sourcecode.cpp.cpp; path = main.cpp; sourceTree = "<group>"; };
		A53E4EAD23062B08000BB7D8 /* LambdaTraits.hpp */ = {isa = PBXFileReference; lastKnownFileType = sourcecode.cpp.h; path = LambdaTraits.hpp; sourceTree = "<group>"; };
		A563A57E24A660980036A842 /* AsyncQueue.mm */ = {isa = PBXFileReference; lastKnownFileType = sourcecode.cpp.objcpp; path = AsyncQueue.mm; sourceTree = "<group>"; };
		A563A5F224B39F780036A842 /* dtl */ = {isa = PBXFileReference; lastKnownFileType = folder; name = dtl; path = ../../../dtl; sourceTree = "<group>"; };
		A563A63F24B8DECB0036A842 /* AsyncList.impl.hpp */ = {isa = PBXFileReference; lastKnownFileType = sourcecode.cpp.h; path = AsyncList.impl.hpp; sourceTree = "<group>"; };
		A563A64124B8DEDF0036A842 /* AsyncListMutator.impl.h */ = {isa = PBXFileReference; lastKnownFileType = sourcecode.c.h; path = AsyncListMutator.impl.h; sourceTree = "<group>"; };
		A564DF942309082B0018787F /* async.hpp */ = {isa = PBXFileReference; lastKnownFileType = sourcecode.cpp.h; path = async.hpp; sourceTree = "<group>"; };
		A58C17DE26B5B9B200F2FD6D /* Coroutine.hpp */ = {isa = PBXFileReference; lastKnownFileType = sourcecode.cpp.h; path = Coroutine.hpp; sourceTree = "<group>"; };
		A58C17E126B5B9D300F2FD6D /* Coroutine.cpp */ = {isa = PBXFileReference; lastKnownFileType = sourcecode.cpp.cpp; path = Coroutine.cpp; sourceTree = "<group>"; };
		A598D10424672B8E00C2B1BF /* ContinuousGenerator.cpp */ = {isa = PBXFileReference; lastKnownFileType = sourcecode.cpp.cpp; path = ContinuousGenerator.cpp; sourceTree = "<group>"; };
		A598D10524672B8E00C2B1BF /* ContinuousGenerator.hpp */ = {isa = PBXFileReference; lastKnownFileType = sourcecode.cpp.h; path = ContinuousGenerator.hpp; sourceTree = "<group>"; };
		A5B7A7792335676200301FC0 /* DataCpp.xcodeproj */ = {isa = PBXFileReference; lastKnownFileType = "wrapper.pb-project"; name = DataCpp.xcodeproj; path = "../../../data-cpp/projects/xcode/DataCpp.xcodeproj"; sourceTree = "<group>"; };
		A5B7A7CF233EE80200301FC0 /* Timer.cpp */ = {isa = PBXFileReference; lastKnownFileType = sourcecode.cpp.cpp; path = Timer.cpp; sourceTree = "<group>"; };
		A5B7A7D0233EE80200301FC0 /* Timer.hpp */ = {isa = PBXFileReference; lastKnownFileType = sourcecode.cpp.h; path = Timer.hpp; sourceTree = "<group>"; };
		A5B9737D23824A8C00FB3F1C /* Generator.cpp */ = {isa = PBXFileReference; lastKnownFileType = sourcecode.cpp.cpp; path = Generator.cpp; sourceTree = "<group>"; };
		A5B9737E23824A8C00FB3F1C /* Generator.hpp */ = {isa = PBXFileReference; lastKnownFileType = sourcecode.cpp.h; path = Generator.hpp; sourceTree = "<group>"; };
		A5DF820A268CD39800148A06 /* AsyncCppTests.hpp */ = {isa = PBXFileReference; fileEncoding = 4; lastKnownFileType = sourcecode.cpp.h; path = AsyncCppTests.hpp; sourceTree = "<group>"; };
		A5DF820B268CD39800148A06 /* AsyncCppTests.cpp */ = {isa = PBXFileReference; fileEncoding = 4; lastKnownFileType = sourcecode.cpp.cpp; path = AsyncCppTests.cpp; sourceTree = "<group>"; };
		A5F086A52545FB1900C41A36 /* ObjCCallStack.h */ = {isa = PBXFileReference; lastKnownFileType = sourcecode.c.h; path = ObjCCallStack.h; sourceTree = "<group>"; };
		A5F086A62545FB1900C41A36 /* ObjCCallStack.mm */ = {isa = PBXFileReference; lastKnownFileType = sourcecode.cpp.objcpp; path = ObjCCallStack.mm; sourceTree = "<group>"; };
/* End PBXFileReference section */

/* Begin PBXFrameworksBuildPhase section */
		A53E4E792304D166000BB7D8 /* Frameworks */ = {
			isa = PBXFrameworksBuildPhase;
			buildActionMask = 2147483647;
			files = (
			);
			runOnlyForDeploymentPostprocessing = 0;
		};
		A53E4E892304D250000BB7D8 /* Frameworks */ = {
			isa = PBXFrameworksBuildPhase;
			buildActionMask = 2147483647;
			files = (
			);
			runOnlyForDeploymentPostprocessing = 0;
		};
		A53E4EA02304D2E1000BB7D8 /* Frameworks */ = {
			isa = PBXFrameworksBuildPhase;
			buildActionMask = 2147483647;
			files = (
				A5B7A7892335679100301FC0 /* libDataCpp-macOS.a in Frameworks */,
				A53E4EAB23050152000BB7D8 /* libAsyncCpp-macOS.a in Frameworks */,
			);
			runOnlyForDeploymentPostprocessing = 0;
		};
/* End PBXFrameworksBuildPhase section */

/* Begin PBXGroup section */
		A53E4E492304892D000BB7D8 /* fgl */ = {
			isa = PBXGroup;
			children = (
				A564DF942309082B0018787F /* async.hpp */,
				A53E4E4A2304892D000BB7D8 /* async */,
			);
			path = fgl;
			sourceTree = "<group>";
		};
		A53E4E4A2304892D000BB7D8 /* async */ = {
			isa = PBXGroup;
			children = (
				A53E4E532304892D000BB7D8 /* Common.hpp */,
				A58C17DE26B5B9B200F2FD6D /* Coroutine.hpp */,
				A58C17E126B5B9D300F2FD6D /* Coroutine.cpp */,
				A53E4E4F2304892D000BB7D8 /* DispatchQueue.hpp */,
				A53E4E512304892D000BB7D8 /* DispatchQueue.cpp */,
				A53E4E4E2304892D000BB7D8 /* DispatchTimeoutResult.hpp */,
				A53E4E502304892D000BB7D8 /* DispatchWorkItem.hpp */,
				A53E4E522304892D000BB7D8 /* DispatchWorkItem.cpp */,
				A53E4EAD23062B08000BB7D8 /* LambdaTraits.hpp */,
				A53E4E4B2304892D000BB7D8 /* PromiseErrorPtr.hpp */,
				A53E4E4C2304892D000BB7D8 /* Promise.hpp */,
				A53E4E542304892D000BB7D8 /* Promise.cpp */,
				A5B9737E23824A8C00FB3F1C /* Generator.hpp */,
				A5B9737D23824A8C00FB3F1C /* Generator.cpp */,
				A598D10524672B8E00C2B1BF /* ContinuousGenerator.hpp */,
				A598D10424672B8E00C2B1BF /* ContinuousGenerator.cpp */,
				A5B7A7D0233EE80200301FC0 /* Timer.hpp */,
				A5B7A7CF233EE80200301FC0 /* Timer.cpp */,
				A50F74A32389D67B0061D9FD /* AsyncQueue.hpp */,
				A50F74A22389D67B0061D9FD /* AsyncQueue.cpp */,
				A563A57E24A660980036A842 /* AsyncQueue.mm */,
				A50F74A82389D93C0061D9FD /* AsyncList.hpp */,
				A563A63F24B8DECB0036A842 /* AsyncList.impl.hpp */,
				A563A64124B8DEDF0036A842 /* AsyncListMutator.impl.h */,
				A50F74A72389D93C0061D9FD /* AsyncList.cpp */,
				A5F086A52545FB1900C41A36 /* ObjCCallStack.h */,
				A5F086A62545FB1900C41A36 /* ObjCCallStack.mm */,
			);
			path = async;
			sourceTree = "<group>";
		};
		A53E4E9E2304D2BF000BB7D8 /* test */ = {
			isa = PBXGroup;
			children = (
				A5DF820A268CD39800148A06 /* AsyncCppTests.hpp */,
				A5DF820B268CD39800148A06 /* AsyncCppTests.cpp */,
				A53E4EA52304D2E1000BB7D8 /* main.cpp */,
			);
			path = test;
			sourceTree = "<group>";
		};
		A53E4EAA23050152000BB7D8 /* Frameworks */ = {
			isa = PBXGroup;
			children = (
			);
			name = Frameworks;
			sourceTree = "<group>";
		};
		A578650523006DA200CDC3E8 = {
			isa = PBXGroup;
			children = (
				A5B7A7782335673F00301FC0 /* external */,
				A578651A23006EAB00CDC3E8 /* src */,
				A578650F23006DA200CDC3E8 /* Products */,
				A53E4EAA23050152000BB7D8 /* Frameworks */,
			);
			sourceTree = "<group>";
		};
		A578650F23006DA200CDC3E8 /* Products */ = {
			isa = PBXGroup;
			children = (
				A53E4E7B2304D166000BB7D8 /* libAsyncCpp-macOS.a */,
				A53E4E8C2304D250000BB7D8 /* libAsyncCpp-iOS.a */,
				A53E4EA32304D2E1000BB7D8 /* AsyncCppTest-macOS */,
			);
			name = Products;
			sourceTree = "<group>";
		};
		A578651A23006EAB00CDC3E8 /* src */ = {
			isa = PBXGroup;
			children = (
				A53E4E492304892D000BB7D8 /* fgl */,
				A53E4E9E2304D2BF000BB7D8 /* test */,
			);
			name = src;
			path = ../../src;
			sourceTree = "<group>";
		};
		A5B7A7782335673F00301FC0 /* external */ = {
			isa = PBXGroup;
			children = (
				A5B7A7792335676200301FC0 /* DataCpp.xcodeproj */,
				A563A5F224B39F780036A842 /* dtl */,
			);
			name = external;
			sourceTree = "<group>";
		};
		A5B7A77A2335676200301FC0 /* Products */ = {
			isa = PBXGroup;
			children = (
				A5B7A7802335676200301FC0 /* libDataCpp-macOS.a */,
				A5B7A7822335676200301FC0 /* DataCppTest-macOS */,
				A5B7A7842335676200301FC0 /* libDataCpp-iOS.a */,
			);
			name = Products;
			sourceTree = "<group>";
		};
/* End PBXGroup section */

/* Begin PBXHeadersBuildPhase section */
		A53E4E772304D166000BB7D8 /* Headers */ = {
			isa = PBXHeadersBuildPhase;
			buildActionMask = 2147483647;
			files = (
				A53E4E862304D1C8000BB7D8 /* Promise.hpp in Headers */,
				A53E4E852304D1C8000BB7D8 /* PromiseErrorPtr.hpp in Headers */,
				A58C17DF26B5B9B200F2FD6D /* Coroutine.hpp in Headers */,
				A5B9738123824A8C00FB3F1C /* Generator.hpp in Headers */,
				A598D10824672B8E00C2B1BF /* ContinuousGenerator.hpp in Headers */,
				A5F086A72545FB1900C41A36 /* ObjCCallStack.h in Headers */,
				A53E4E832304D1C8000BB7D8 /* DispatchWorkItem.hpp in Headers */,
				A5B7A7D2233EE80200301FC0 /* Timer.hpp in Headers */,
				A53E4E802304D1C8000BB7D8 /* DispatchQueue.hpp in Headers */,
				A53E4E7F2304D1C8000BB7D8 /* Common.hpp in Headers */,
				A50F74AB2389D93C0061D9FD /* AsyncList.hpp in Headers */,
				A53E4E822304D1C8000BB7D8 /* DispatchTimeoutResult.hpp in Headers */,
				A50F74A62389D67B0061D9FD /* AsyncQueue.hpp in Headers */,
			);
			runOnlyForDeploymentPostprocessing = 0;
		};
/* End PBXHeadersBuildPhase section */

/* Begin PBXNativeTarget section */
		A53E4E7A2304D166000BB7D8 /* AsyncCpp-macOS */ = {
			isa = PBXNativeTarget;
			buildConfigurationList = A53E4E7E2304D166000BB7D8 /* Build configuration list for PBXNativeTarget "AsyncCpp-macOS" */;
			buildPhases = (
				A53E4E772304D166000BB7D8 /* Headers */,
				A53E4E782304D166000BB7D8 /* Sources */,
				A53E4E792304D166000BB7D8 /* Frameworks */,
			);
			buildRules = (
			);
			dependencies = (
				A5B7A7862335677B00301FC0 /* PBXTargetDependency */,
			);
			name = "AsyncCpp-macOS";
			productName = "AsyncCpp-macOS";
			productReference = A53E4E7B2304D166000BB7D8 /* libAsyncCpp-macOS.a */;
			productType = "com.apple.product-type.library.static";
		};
		A53E4E8B2304D250000BB7D8 /* AsyncCpp-iOS */ = {
			isa = PBXNativeTarget;
			buildConfigurationList = A53E4E922304D250000BB7D8 /* Build configuration list for PBXNativeTarget "AsyncCpp-iOS" */;
			buildPhases = (
				A53E4E882304D250000BB7D8 /* Sources */,
				A53E4E892304D250000BB7D8 /* Frameworks */,
				A53E4E8A2304D250000BB7D8 /* CopyFiles */,
			);
			buildRules = (
			);
			dependencies = (
				A5B7A7882335678400301FC0 /* PBXTargetDependency */,
			);
			name = "AsyncCpp-iOS";
			productName = "AsyncCpp-iOS";
			productReference = A53E4E8C2304D250000BB7D8 /* libAsyncCpp-iOS.a */;
			productType = "com.apple.product-type.library.static";
		};
		A53E4EA22304D2E1000BB7D8 /* AsyncCppTest-macOS */ = {
			isa = PBXNativeTarget;
			buildConfigurationList = A53E4EA72304D2E1000BB7D8 /* Build configuration list for PBXNativeTarget "AsyncCppTest-macOS" */;
			buildPhases = (
				A5F0861D2545EE5400C41A36 /* Fetch dependencies */,
				A53E4E9F2304D2E1000BB7D8 /* Sources */,
				A53E4EA02304D2E1000BB7D8 /* Frameworks */,
				A53E4EA12304D2E1000BB7D8 /* CopyFiles */,
			);
			buildRules = (
			);
			dependencies = (
			);
			name = "AsyncCppTest-macOS";
			productName = "AsyncCppTest-macOS";
			productReference = A53E4EA32304D2E1000BB7D8 /* AsyncCppTest-macOS */;
			productType = "com.apple.product-type.tool";
		};
/* End PBXNativeTarget section */

/* Begin PBXProject section */
		A578650623006DA200CDC3E8 /* Project object */ = {
			isa = PBXProject;
			attributes = {
				LastUpgradeCheck = 1250;
				ORGANIZATIONNAME = "Luis Finke";
				TargetAttributes = {
					A53E4E7A2304D166000BB7D8 = {
						CreatedOnToolsVersion = 10.3;
					};
					A53E4E8B2304D250000BB7D8 = {
						CreatedOnToolsVersion = 10.3;
					};
					A53E4EA22304D2E1000BB7D8 = {
						CreatedOnToolsVersion = 10.3;
					};
				};
			};
			buildConfigurationList = A578650923006DA200CDC3E8 /* Build configuration list for PBXProject "AsyncCpp" */;
			compatibilityVersion = "Xcode 9.3";
			developmentRegion = en;
			hasScannedForEncodings = 0;
			knownRegions = (
				en,
			);
			mainGroup = A578650523006DA200CDC3E8;
			productRefGroup = A578650F23006DA200CDC3E8 /* Products */;
			projectDirPath = "";
			projectReferences = (
				{
					ProductGroup = A5B7A77A2335676200301FC0 /* Products */;
					ProjectRef = A5B7A7792335676200301FC0 /* DataCpp.xcodeproj */;
				},
			);
			projectRoot = "";
			targets = (
				A53E4E7A2304D166000BB7D8 /* AsyncCpp-macOS */,
				A53E4E8B2304D250000BB7D8 /* AsyncCpp-iOS */,
				A53E4EA22304D2E1000BB7D8 /* AsyncCppTest-macOS */,
			);
		};
/* End PBXProject section */

/* Begin PBXReferenceProxy section */
		A5B7A7802335676200301FC0 /* libDataCpp-macOS.a */ = {
			isa = PBXReferenceProxy;
			fileType = archive.ar;
			path = "libDataCpp-macOS.a";
			remoteRef = A5B7A77F2335676200301FC0 /* PBXContainerItemProxy */;
			sourceTree = BUILT_PRODUCTS_DIR;
		};
		A5B7A7822335676200301FC0 /* DataCppTest-macOS */ = {
			isa = PBXReferenceProxy;
			fileType = "compiled.mach-o.executable";
			path = "DataCppTest-macOS";
			remoteRef = A5B7A7812335676200301FC0 /* PBXContainerItemProxy */;
			sourceTree = BUILT_PRODUCTS_DIR;
		};
		A5B7A7842335676200301FC0 /* libDataCpp-iOS.a */ = {
			isa = PBXReferenceProxy;
			fileType = archive.ar;
			path = "libDataCpp-iOS.a";
			remoteRef = A5B7A7832335676200301FC0 /* PBXContainerItemProxy */;
			sourceTree = BUILT_PRODUCTS_DIR;
		};
/* End PBXReferenceProxy section */

/* Begin PBXShellScriptBuildPhase section */
		A5F0861D2545EE5400C41A36 /* Fetch dependencies */ = {
			isa = PBXShellScriptBuildPhase;
			buildActionMask = 2147483647;
			files = (
			);
			inputFileListPaths = (
			);
			inputPaths = (
			);
			name = "Fetch dependencies";
			outputFileListPaths = (
			);
			outputPaths = (
			);
			runOnlyForDeploymentPostprocessing = 0;
			shellPath = /bin/sh;
			shellScript = "../../tools/fetch_dependencies.sh\n";
		};
/* End PBXShellScriptBuildPhase section */

/* Begin PBXSourcesBuildPhase section */
		A53E4E782304D166000BB7D8 /* Sources */ = {
			isa = PBXSourcesBuildPhase;
			buildActionMask = 2147483647;
			files = (
				A5B9737F23824A8C00FB3F1C /* Generator.cpp in Sources */,
				A5F086A82545FB1900C41A36 /* ObjCCallStack.mm in Sources */,
				A563A57F24A660980036A842 /* AsyncQueue.mm in Sources */,
				A53E4E872304D1C8000BB7D8 /* Promise.cpp in Sources */,
				A53E4E812304D1C8000BB7D8 /* DispatchQueue.cpp in Sources */,
				A53E4E842304D1C8000BB7D8 /* DispatchWorkItem.cpp in Sources */,
				A50F74A92389D93C0061D9FD /* AsyncList.cpp in Sources */,
				A50F74A42389D67B0061D9FD /* AsyncQueue.cpp in Sources */,
				A58C17E226B5B9D300F2FD6D /* Coroutine.cpp in Sources */,
				A598D10624672B8E00C2B1BF /* ContinuousGenerator.cpp in Sources */,
				A5B7A7D1233EE80200301FC0 /* Timer.cpp in Sources */,
			);
			runOnlyForDeploymentPostprocessing = 0;
		};
		A53E4E882304D250000BB7D8 /* Sources */ = {
			isa = PBXSourcesBuildPhase;
			buildActionMask = 2147483647;
			files = (
				A5B9738023824A8C00FB3F1C /* Generator.cpp in Sources */,
				A5F086A92545FB1900C41A36 /* ObjCCallStack.mm in Sources */,
				A563A58024A660980036A842 /* AsyncQueue.mm in Sources */,
				A53E4E952304D261000BB7D8 /* DispatchQueue.cpp in Sources */,
				A53E4E962304D261000BB7D8 /* DispatchWorkItem.cpp in Sources */,
				A53E4E972304D261000BB7D8 /* Promise.cpp in Sources */,
				A50F74AA2389D93C0061D9FD /* AsyncList.cpp in Sources */,
				A50F74A52389D67B0061D9FD /* AsyncQueue.cpp in Sources */,
				A58C17E326B5B9D300F2FD6D /* Coroutine.cpp in Sources */,
				A598D10724672B8E00C2B1BF /* ContinuousGenerator.cpp in Sources */,
				A5B7A7D4233EE80E00301FC0 /* Timer.cpp in Sources */,
			);
			runOnlyForDeploymentPostprocessing = 0;
		};
		A53E4E9F2304D2E1000BB7D8 /* Sources */ = {
			isa = PBXSourcesBuildPhase;
			buildActionMask = 2147483647;
			files = (
				A5DF820C268CD39800148A06 /* AsyncCppTests.cpp in Sources */,
				A53E4EA62304D2E1000BB7D8 /* main.cpp in Sources */,
			);
			runOnlyForDeploymentPostprocessing = 0;
		};
/* End PBXSourcesBuildPhase section */

/* Begin PBXTargetDependency section */
		A5B7A7862335677B00301FC0 /* PBXTargetDependency */ = {
			isa = PBXTargetDependency;
			name = "DataCpp-macOS";
			targetProxy = A5B7A7852335677B00301FC0 /* PBXContainerItemProxy */;
		};
		A5B7A7882335678400301FC0 /* PBXTargetDependency */ = {
			isa = PBXTargetDependency;
			name = "DataCpp-iOS";
			targetProxy = A5B7A7872335678400301FC0 /* PBXContainerItemProxy */;
		};
/* End PBXTargetDependency section */

/* Begin XCBuildConfiguration section */
		A53E4E7C2304D166000BB7D8 /* Debug */ = {
			isa = XCBuildConfiguration;
			buildSettings = {
				CLANG_CXX_LANGUAGE_STANDARD = "gnu++20";
				CODE_SIGN_IDENTITY = "-";
				CODE_SIGN_STYLE = Automatic;
				EXECUTABLE_PREFIX = lib;
				HEADER_SEARCH_PATHS = (
					"$(PROJECT_DIR)/../../src",
					"$(PROJECT_DIR)/../../../data-cpp/src",
					"$(PROJECT_DIR)/../../../dtl",
					"$(PROJECT_DIR)/../../external/dtl",
				);
				MACOSX_DEPLOYMENT_TARGET = 10.14;
				PRODUCT_NAME = "$(TARGET_NAME)";
				SDKROOT = macosx;
				SKIP_INSTALL = YES;
			};
			name = Debug;
		};
		A53E4E7D2304D166000BB7D8 /* Release */ = {
			isa = XCBuildConfiguration;
			buildSettings = {
				CLANG_CXX_LANGUAGE_STANDARD = "gnu++20";
				CODE_SIGN_IDENTITY = "-";
				CODE_SIGN_STYLE = Automatic;
				EXECUTABLE_PREFIX = lib;
				HEADER_SEARCH_PATHS = (
					"$(PROJECT_DIR)/../../src",
					"$(PROJECT_DIR)/../../../data-cpp/src",
					"$(PROJECT_DIR)/../../../dtl",
					"$(PROJECT_DIR)/../../external/dtl",
				);
				MACOSX_DEPLOYMENT_TARGET = 10.14;
				PRODUCT_NAME = "$(TARGET_NAME)";
				SDKROOT = macosx;
				SKIP_INSTALL = YES;
			};
			name = Release;
		};
		A53E4E932304D250000BB7D8 /* Debug */ = {
			isa = XCBuildConfiguration;
			buildSettings = {
				CLANG_CXX_LANGUAGE_STANDARD = "gnu++20";
				CODE_SIGN_STYLE = Automatic;
				HEADER_SEARCH_PATHS = (
					"$(PROJECT_DIR)/../../src",
					"$(PROJECT_DIR)/../../../data-cpp/src",
					"$(PROJECT_DIR)/../../../dtl",
					"$(PROJECT_DIR)/../../external/dtl",
				);
				IPHONEOS_DEPLOYMENT_TARGET = 12.4;
				OTHER_LDFLAGS = "-ObjC";
				PRODUCT_NAME = "$(TARGET_NAME)";
				SKIP_INSTALL = YES;
				TARGETED_DEVICE_FAMILY = "1,2";
			};
			name = Debug;
		};
		A53E4E942304D250000BB7D8 /* Release */ = {
			isa = XCBuildConfiguration;
			buildSettings = {
				CLANG_CXX_LANGUAGE_STANDARD = "gnu++20";
				CODE_SIGN_STYLE = Automatic;
				HEADER_SEARCH_PATHS = (
					"$(PROJECT_DIR)/../../src",
					"$(PROJECT_DIR)/../../../data-cpp/src",
					"$(PROJECT_DIR)/../../../dtl",
					"$(PROJECT_DIR)/../../external/dtl",
				);
				IPHONEOS_DEPLOYMENT_TARGET = 12.4;
				OTHER_LDFLAGS = "-ObjC";
				PRODUCT_NAME = "$(TARGET_NAME)";
				SKIP_INSTALL = YES;
				TARGETED_DEVICE_FAMILY = "1,2";
			};
			name = Release;
		};
		A53E4EA82304D2E1000BB7D8 /* Debug */ = {
			isa = XCBuildConfiguration;
			buildSettings = {
				CODE_SIGN_IDENTITY = "-";
				CODE_SIGN_STYLE = Automatic;
				HEADER_SEARCH_PATHS = (
					"$(PROJECT_DIR)/../../src",
					"$(PROJECT_DIR)/../../../data-cpp/src",
					"$(PROJECT_DIR)/../../../dtl",
					"$(PROJECT_DIR)/../../external/dtl",
				);
				MACOSX_DEPLOYMENT_TARGET = 10.14;
				PRODUCT_NAME = "$(TARGET_NAME)";
				SDKROOT = macosx;
			};
			name = Debug;
		};
		A53E4EA92304D2E1000BB7D8 /* Release */ = {
			isa = XCBuildConfiguration;
			buildSettings = {
				CODE_SIGN_IDENTITY = "-";
				CODE_SIGN_STYLE = Automatic;
				HEADER_SEARCH_PATHS = (
					"$(PROJECT_DIR)/../../src",
					"$(PROJECT_DIR)/../../../data-cpp/src",
					"$(PROJECT_DIR)/../../../dtl",
					"$(PROJECT_DIR)/../../external/dtl",
				);
				MACOSX_DEPLOYMENT_TARGET = 10.14;
				PRODUCT_NAME = "$(TARGET_NAME)";
				SDKROOT = macosx;
			};
			name = Release;
		};
		A578651523006DA200CDC3E8 /* Debug */ = {
			isa = XCBuildConfiguration;
			buildSettings = {
				ALWAYS_SEARCH_USER_PATHS = NO;
				CLANG_ANALYZER_NONNULL = YES;
				CLANG_ANALYZER_NUMBER_OBJECT_CONVERSION = YES_AGGRESSIVE;
				CLANG_CXX_LANGUAGE_STANDARD = "gnu++20";
				CLANG_CXX_LIBRARY = "libc++";
				CLANG_ENABLE_MODULES = YES;
				CLANG_ENABLE_OBJC_ARC = YES;
				CLANG_ENABLE_OBJC_WEAK = YES;
				CLANG_WARN_BLOCK_CAPTURE_AUTORELEASING = YES;
				CLANG_WARN_BOOL_CONVERSION = YES;
				CLANG_WARN_COMMA = YES;
				CLANG_WARN_CONSTANT_CONVERSION = YES;
				CLANG_WARN_DEPRECATED_OBJC_IMPLEMENTATIONS = YES;
				CLANG_WARN_DIRECT_OBJC_ISA_USAGE = YES_ERROR;
				CLANG_WARN_DOCUMENTATION_COMMENTS = YES;
				CLANG_WARN_EMPTY_BODY = YES;
				CLANG_WARN_ENUM_CONVERSION = YES;
				CLANG_WARN_INFINITE_RECURSION = YES;
				CLANG_WARN_INT_CONVERSION = YES;
				CLANG_WARN_NON_LITERAL_NULL_CONVERSION = YES;
				CLANG_WARN_OBJC_IMPLICIT_RETAIN_SELF = YES;
				CLANG_WARN_OBJC_LITERAL_CONVERSION = YES;
				CLANG_WARN_OBJC_ROOT_CLASS = YES_ERROR;
				CLANG_WARN_QUOTED_INCLUDE_IN_FRAMEWORK_HEADER = YES;
				CLANG_WARN_RANGE_LOOP_ANALYSIS = YES;
				CLANG_WARN_STRICT_PROTOTYPES = YES;
				CLANG_WARN_SUSPICIOUS_MOVE = YES;
				CLANG_WARN_UNGUARDED_AVAILABILITY = YES_AGGRESSIVE;
				CLANG_WARN_UNREACHABLE_CODE = YES;
				CLANG_WARN__DUPLICATE_METHOD_MATCH = YES;
				CODE_SIGN_IDENTITY = "iPhone Developer";
				COPY_PHASE_STRIP = NO;
				DEBUG_INFORMATION_FORMAT = dwarf;
				ENABLE_STRICT_OBJC_MSGSEND = YES;
				ENABLE_TESTABILITY = YES;
				GCC_C_LANGUAGE_STANDARD = gnu11;
				GCC_DYNAMIC_NO_PIC = NO;
				GCC_NO_COMMON_BLOCKS = YES;
				GCC_OPTIMIZATION_LEVEL = 0;
				GCC_PREPROCESSOR_DEFINITIONS = (
					"DEBUG=1",
					"$(inherited)",
				);
				GCC_WARN_64_TO_32_BIT_CONVERSION = YES;
				GCC_WARN_ABOUT_RETURN_TYPE = YES_ERROR;
				GCC_WARN_UNDECLARED_SELECTOR = YES;
				GCC_WARN_UNINITIALIZED_AUTOS = YES_AGGRESSIVE;
				GCC_WARN_UNUSED_FUNCTION = YES;
				GCC_WARN_UNUSED_VARIABLE = YES;
				IPHONEOS_DEPLOYMENT_TARGET = 12.2;
				MTL_ENABLE_DEBUG_INFO = INCLUDE_SOURCE;
				MTL_FAST_MATH = YES;
				ONLY_ACTIVE_ARCH = YES;
				SDKROOT = iphoneos;
			};
			name = Debug;
		};
		A578651623006DA200CDC3E8 /* Release */ = {
			isa = XCBuildConfiguration;
			buildSettings = {
				ALWAYS_SEARCH_USER_PATHS = NO;
				CLANG_ANALYZER_NONNULL = YES;
				CLANG_ANALYZER_NUMBER_OBJECT_CONVERSION = YES_AGGRESSIVE;
				CLANG_CXX_LANGUAGE_STANDARD = "gnu++20";
				CLANG_CXX_LIBRARY = "libc++";
				CLANG_ENABLE_MODULES = YES;
				CLANG_ENABLE_OBJC_ARC = YES;
				CLANG_ENABLE_OBJC_WEAK = YES;
				CLANG_WARN_BLOCK_CAPTURE_AUTORELEASING = YES;
				CLANG_WARN_BOOL_CONVERSION = YES;
				CLANG_WARN_COMMA = YES;
				CLANG_WARN_CONSTANT_CONVERSION = YES;
				CLANG_WARN_DEPRECATED_OBJC_IMPLEMENTATIONS = YES;
				CLANG_WARN_DIRECT_OBJC_ISA_USAGE = YES_ERROR;
				CLANG_WARN_DOCUMENTATION_COMMENTS = YES;
				CLANG_WARN_EMPTY_BODY = YES;
				CLANG_WARN_ENUM_CONVERSION = YES;
				CLANG_WARN_INFINITE_RECURSION = YES;
				CLANG_WARN_INT_CONVERSION = YES;
				CLANG_WARN_NON_LITERAL_NULL_CONVERSION = YES;
				CLANG_WARN_OBJC_IMPLICIT_RETAIN_SELF = YES;
				CLANG_WARN_OBJC_LITERAL_CONVERSION = YES;
				CLANG_WARN_OBJC_ROOT_CLASS = YES_ERROR;
				CLANG_WARN_QUOTED_INCLUDE_IN_FRAMEWORK_HEADER = YES;
				CLANG_WARN_RANGE_LOOP_ANALYSIS = YES;
				CLANG_WARN_STRICT_PROTOTYPES = YES;
				CLANG_WARN_SUSPICIOUS_MOVE = YES;
				CLANG_WARN_UNGUARDED_AVAILABILITY = YES_AGGRESSIVE;
				CLANG_WARN_UNREACHABLE_CODE = YES;
				CLANG_WARN__DUPLICATE_METHOD_MATCH = YES;
				CODE_SIGN_IDENTITY = "iPhone Developer";
				COPY_PHASE_STRIP = NO;
				DEBUG_INFORMATION_FORMAT = "dwarf-with-dsym";
				ENABLE_NS_ASSERTIONS = NO;
				ENABLE_STRICT_OBJC_MSGSEND = YES;
				GCC_C_LANGUAGE_STANDARD = gnu11;
				GCC_NO_COMMON_BLOCKS = YES;
				GCC_WARN_64_TO_32_BIT_CONVERSION = YES;
				GCC_WARN_ABOUT_RETURN_TYPE = YES_ERROR;
				GCC_WARN_UNDECLARED_SELECTOR = YES;
				GCC_WARN_UNINITIALIZED_AUTOS = YES_AGGRESSIVE;
				GCC_WARN_UNUSED_FUNCTION = YES;
				GCC_WARN_UNUSED_VARIABLE = YES;
				IPHONEOS_DEPLOYMENT_TARGET = 12.2;
				MTL_ENABLE_DEBUG_INFO = NO;
				MTL_FAST_MATH = YES;
				SDKROOT = iphoneos;
				VALIDATE_PRODUCT = YES;
			};
			name = Release;
		};
/* End XCBuildConfiguration section */

/* Begin XCConfigurationList section */
		A53E4E7E2304D166000BB7D8 /* Build configuration list for PBXNativeTarget "AsyncCpp-macOS" */ = {
			isa = XCConfigurationList;
			buildConfigurations = (
				A53E4E7C2304D166000BB7D8 /* Debug */,
				A53E4E7D2304D166000BB7D8 /* Release */,
			);
			defaultConfigurationIsVisible = 0;
			defaultConfigurationName = Release;
		};
		A53E4E922304D250000BB7D8 /* Build configuration list for PBXNativeTarget "AsyncCpp-iOS" */ = {
			isa = XCConfigurationList;
			buildConfigurations = (
				A53E4E932304D250000BB7D8 /* Debug */,
				A53E4E942304D250000BB7D8 /* Release */,
			);
			defaultConfigurationIsVisible = 0;
			defaultConfigurationName = Release;
		};
		A53E4EA72304D2E1000BB7D8 /* Build configuration list for PBXNativeTarget "AsyncCppTest-macOS" */ = {
			isa = XCConfigurationList;
			buildConfigurations = (
				A53E4EA82304D2E1000BB7D8 /* Debug */,
				A53E4EA92304D2E1000BB7D8 /* Release */,
			);
			defaultConfigurationIsVisible = 0;
			defaultConfigurationName = Release;
		};
		A578650923006DA200CDC3E8 /* Build configuration list for PBXProject "AsyncCpp" */ = {
			isa = XCConfigurationList;
			buildConfigurations = (
				A578651523006DA200CDC3E8 /* Debug */,
				A578651623006DA200CDC3E8 /* Release */,
			);
			defaultConfigurationIsVisible = 0;
			defaultConfigurationName = Release;
		};
/* End XCConfigurationList section */
	};
	rootObject = A578650623006DA200CDC3E8 /* Project object */;
}
